
Microsoft Visual Studio Solution File, Format Version 12.00
# Visual Studio 15
VisualStudioVersion = 15.0.27428.2037
MinimumVisualStudioVersion = 10.0.40219.1
Project("{FAE04EC0-301F-11D3-BF4B-00C04F79EFBC}") = "MvcCor_dbMongo", "MvcCor_dbMongo\MvcCor_dbMongo.csproj", "{77904EA7-5A6E-46B3-BC11-88CBEBCDD4B9}"
EndProject
Global
	GlobalSection(SolutionConfigurationPlatforms) = preSolution
		Debug|Any CPU = Debug|Any CPU
		Release|Any CPU = Release|Any CPU
	EndGlobalSection
	GlobalSection(ProjectConfigurationPlatforms) = postSolution
		{77904EA7-5A6E-46B3-BC11-88CBEBCDD4B9}.Debug|Any CPU.ActiveCfg = Debug|Any CPU
		{77904EA7-5A6E-46B3-BC11-88CBEBCDD4B9}.Debug|Any CPU.Build.0 = Debug|Any CPU
		{77904EA7-5A6E-46B3-BC11-88CBEBCDD4B9}.Release|Any CPU.ActiveCfg = Release|Any CPU
		{77904EA7-5A6E-46B3-BC11-88CBEBCDD4B9}.Release|Any CPU.Build.0 = Release|Any CPU
	EndGlobalSection
	GlobalSection(SolutionProperties) = preSolution
		HideSolutionNode = FALSE
	EndGlobalSection
	GlobalSection(ExtensibilityGlobals) = postSolution
		SolutionGuid = {269B7839-0908-41D6-9A8E-15CBF2134C3C}
	EndGlobalSection
EndGlobal
