
Microsoft Visual Studio Solution File, Format Version 12.00
# Visual Studio 15
VisualStudioVersion = 15.0.27428.2037
MinimumVisualStudioVersion = 10.0.40219.1
Project("{9A19103F-16F7-4668-BE54-9A1E7A4F7556}") = "MvcCor_dbMongo", "MvcCor_dbMongo\MvcCor_dbMongo.csproj", "{77904EA7-5A6E-46B3-BC11-88CBEBCDD4B9}"
EndProject
Project("{E53339B2-1760-4266-BCC7-CA923CBCF16C}") = "docker-compose", "docker-compose.dcproj", "{59D182DA-09B4-47A9-A822-F589F3BC3527}"
EndProject
Global
	GlobalSection(SolutionConfigurationPlatforms) = preSolution
		Debug|Any CPU = Debug|Any CPU
		Release|Any CPU = Release|Any CPU
	EndGlobalSection
	GlobalSection(ProjectConfigurationPlatforms) = postSolution
		{77904EA7-5A6E-46B3-BC11-88CBEBCDD4B9}.Debug|Any CPU.ActiveCfg = Debug|Any CPU
		{77904EA7-5A6E-46B3-BC11-88CBEBCDD4B9}.Debug|Any CPU.Build.0 = Debug|Any CPU
		{77904EA7-5A6E-46B3-BC11-88CBEBCDD4B9}.Release|Any CPU.ActiveCfg = Release|Any CPU
		{77904EA7-5A6E-46B3-BC11-88CBEBCDD4B9}.Release|Any CPU.Build.0 = Release|Any CPU
		{59D182DA-09B4-47A9-A822-F589F3BC3527}.Debug|Any CPU.ActiveCfg = Debug|Any CPU
		{59D182DA-09B4-47A9-A822-F589F3BC3527}.Debug|Any CPU.Build.0 = Debug|Any CPU
		{59D182DA-09B4-47A9-A822-F589F3BC3527}.Release|Any CPU.ActiveCfg = Release|Any CPU
		{59D182DA-09B4-47A9-A822-F589F3BC3527}.Release|Any CPU.Build.0 = Release|Any CPU
	EndGlobalSection
	GlobalSection(SolutionProperties) = preSolution
		HideSolutionNode = FALSE
	EndGlobalSection
	GlobalSection(ExtensibilityGlobals) = postSolution
		SolutionGuid = {269B7839-0908-41D6-9A8E-15CBF2134C3C}
	EndGlobalSection
EndGlobal
